// !$*UTF8*$!
{
	archiveVersion = 1;
	classes = {
	};
	objectVersion = 55;
	objects = {

/* Begin PBXBuildFile section */
		BB1DBFC72858308400E7D336 /* AppDelegate.swift in Sources */ = {isa = PBXBuildFile; fileRef = BB1DBFC62858308400E7D336 /* AppDelegate.swift */; };
		BB1DBFC92858308400E7D336 /* SceneDelegate.swift in Sources */ = {isa = PBXBuildFile; fileRef = BB1DBFC82858308400E7D336 /* SceneDelegate.swift */; };
		BB1DBFCB2858308400E7D336 /* ViewController.swift in Sources */ = {isa = PBXBuildFile; fileRef = BB1DBFCA2858308400E7D336 /* ViewController.swift */; };
		BB1DBFCE2858308400E7D336 /* Main.storyboard in Resources */ = {isa = PBXBuildFile; fileRef = BB1DBFCC2858308400E7D336 /* Main.storyboard */; };
		BB1DBFD02858308600E7D336 /* Assets.xcassets in Resources */ = {isa = PBXBuildFile; fileRef = BB1DBFCF2858308600E7D336 /* Assets.xcassets */; };
		BB1DBFD32858308600E7D336 /* LaunchScreen.storyboard in Resources */ = {isa = PBXBuildFile; fileRef = BB1DBFD12858308600E7D336 /* LaunchScreen.storyboard */; };
		BB5AB625285C22C40064BA0D /* NewsTableViewCell.swift in Sources */ = {isa = PBXBuildFile; fileRef = BB5AB624285C22C40064BA0D /* NewsTableViewCell.swift */; };
		BB5AB627285C2B710064BA0D /* Modal.swift in Sources */ = {isa = PBXBuildFile; fileRef = BB5AB626285C2B710064BA0D /* Modal.swift */; };
		BB679702286436C900AD1370 /* LoginScreenViewController.swift in Sources */ = {isa = PBXBuildFile; fileRef = BB679701286436C900AD1370 /* LoginScreenViewController.swift */; };
		BB67970428644C9A00AD1370 /* HomeScreenViewController.swift in Sources */ = {isa = PBXBuildFile; fileRef = BB67970328644C9A00AD1370 /* HomeScreenViewController.swift */; };
/* End PBXBuildFile section */

/* Begin PBXFileReference section */
		BB1DBFC32858308400E7D336 /* TryNewsApi.app */ = {isa = PBXFileReference; explicitFileType = wrapper.application; includeInIndex = 0; path = TryNewsApi.app; sourceTree = BUILT_PRODUCTS_DIR; };
		BB1DBFC62858308400E7D336 /* AppDelegate.swift */ = {isa = PBXFileReference; lastKnownFileType = sourcecode.swift; path = AppDelegate.swift; sourceTree = "<group>"; };
		BB1DBFC82858308400E7D336 /* SceneDelegate.swift */ = {isa = PBXFileReference; lastKnownFileType = sourcecode.swift; path = SceneDelegate.swift; sourceTree = "<group>"; };
		BB1DBFCA2858308400E7D336 /* ViewController.swift */ = {isa = PBXFileReference; lastKnownFileType = sourcecode.swift; path = ViewController.swift; sourceTree = "<group>"; };
		BB1DBFCD2858308400E7D336 /* Base */ = {isa = PBXFileReference; lastKnownFileType = file.storyboard; name = Base; path = Base.lproj/Main.storyboard; sourceTree = "<group>"; };
		BB1DBFCF2858308600E7D336 /* Assets.xcassets */ = {isa = PBXFileReference; lastKnownFileType = folder.assetcatalog; path = Assets.xcassets; sourceTree = "<group>"; };
		BB1DBFD22858308600E7D336 /* Base */ = {isa = PBXFileReference; lastKnownFileType = file.storyboard; name = Base; path = Base.lproj/LaunchScreen.storyboard; sourceTree = "<group>"; };
		BB1DBFD42858308600E7D336 /* Info.plist */ = {isa = PBXFileReference; lastKnownFileType = text.plist.xml; path = Info.plist; sourceTree = "<group>"; };
		BB5AB624285C22C40064BA0D /* NewsTableViewCell.swift */ = {isa = PBXFileReference; lastKnownFileType = sourcecode.swift; path = NewsTableViewCell.swift; sourceTree = "<group>"; };
		BB5AB626285C2B710064BA0D /* Modal.swift */ = {isa = PBXFileReference; lastKnownFileType = sourcecode.swift; path = Modal.swift; sourceTree = "<group>"; };
		BB679701286436C900AD1370 /* LoginScreenViewController.swift */ = {isa = PBXFileReference; lastKnownFileType = sourcecode.swift; path = LoginScreenViewController.swift; sourceTree = "<group>"; };
		BB67970328644C9A00AD1370 /* HomeScreenViewController.swift */ = {isa = PBXFileReference; lastKnownFileType = sourcecode.swift; path = HomeScreenViewController.swift; sourceTree = "<group>"; };
/* End PBXFileReference section */

/* Begin PBXFrameworksBuildPhase section */
		BB1DBFC02858308400E7D336 /* Frameworks */ = {
			isa = PBXFrameworksBuildPhase;
			buildActionMask = 2147483647;
			files = (
			);
			runOnlyForDeploymentPostprocessing = 0;
		};
/* End PBXFrameworksBuildPhase section */

/* Begin PBXGroup section */
		BB1DBFBA2858308400E7D336 = {
			isa = PBXGroup;
			children = (
				BB1DBFC52858308400E7D336 /* TryNewsApi */,
				BB1DBFC42858308400E7D336 /* Products */,
			);
			sourceTree = "<group>";
		};
		BB1DBFC42858308400E7D336 /* Products */ = {
			isa = PBXGroup;
			children = (
				BB1DBFC32858308400E7D336 /* TryNewsApi.app */,
			);
			name = Products;
			sourceTree = "<group>";
		};
		BB1DBFC52858308400E7D336 /* TryNewsApi */ = {
			isa = PBXGroup;
			children = (
				BB1DBFC62858308400E7D336 /* AppDelegate.swift */,
				BB1DBFC82858308400E7D336 /* SceneDelegate.swift */,
				BB5AB626285C2B710064BA0D /* Modal.swift */,
				BB679701286436C900AD1370 /* LoginScreenViewController.swift */,
				BB67970328644C9A00AD1370 /* HomeScreenViewController.swift */,
				BB5AB624285C22C40064BA0D /* NewsTableViewCell.swift */,
				BB1DBFCA2858308400E7D336 /* ViewController.swift */,
				BB1DBFCC2858308400E7D336 /* Main.storyboard */,
				BB1DBFCF2858308600E7D336 /* Assets.xcassets */,
				BB1DBFD12858308600E7D336 /* LaunchScreen.storyboard */,
				BB1DBFD42858308600E7D336 /* Info.plist */,
			);
			path = TryNewsApi;
			sourceTree = "<group>";
		};
/* End PBXGroup section */

/* Begin PBXNativeTarget section */
		BB1DBFC22858308400E7D336 /* TryNewsApi */ = {
			isa = PBXNativeTarget;
			buildConfigurationList = BB1DBFD72858308600E7D336 /* Build configuration list for PBXNativeTarget "TryNewsApi" */;
			buildPhases = (
				BB1DBFBF2858308400E7D336 /* Sources */,
				BB1DBFC02858308400E7D336 /* Frameworks */,
				BB1DBFC12858308400E7D336 /* Resources */,
			);
			buildRules = (
			);
			dependencies = (
			);
			name = TryNewsApi;
			productName = TryNewsApi;
			productReference = BB1DBFC32858308400E7D336 /* TryNewsApi.app */;
			productType = "com.apple.product-type.application";
		};
/* End PBXNativeTarget section */

/* Begin PBXProject section */
		BB1DBFBB2858308400E7D336 /* Project object */ = {
			isa = PBXProject;
			attributes = {
				BuildIndependentTargetsInParallel = 1;
				LastSwiftUpdateCheck = 1320;
				LastUpgradeCheck = 1320;
				TargetAttributes = {
					BB1DBFC22858308400E7D336 = {
						CreatedOnToolsVersion = 13.2.1;
					};
				};
			};
			buildConfigurationList = BB1DBFBE2858308400E7D336 /* Build configuration list for PBXProject "TryNewsApi" */;
			compatibilityVersion = "Xcode 13.0";
			developmentRegion = en;
			hasScannedForEncodings = 0;
			knownRegions = (
				en,
				Base,
			);
			mainGroup = BB1DBFBA2858308400E7D336;
			productRefGroup = BB1DBFC42858308400E7D336 /* Products */;
			projectDirPath = "";
			projectRoot = "";
			targets = (
				BB1DBFC22858308400E7D336 /* TryNewsApi */,
			);
		};
/* End PBXProject section */

/* Begin PBXResourcesBuildPhase section */
		BB1DBFC12858308400E7D336 /* Resources */ = {
			isa = PBXResourcesBuildPhase;
			buildActionMask = 2147483647;
			files = (
				BB1DBFD32858308600E7D336 /* LaunchScreen.storyboard in Resources */,
				BB1DBFD02858308600E7D336 /* Assets.xcassets in Resources */,
				BB1DBFCE2858308400E7D336 /* Main.storyboard in Resources */,
			);
			runOnlyForDeploymentPostprocessing = 0;
		};
/* End PBXResourcesBuildPhase section */

/* Begin PBXSourcesBuildPhase section */
		BB1DBFBF2858308400E7D336 /* Sources */ = {
			isa = PBXSourcesBuildPhase;
			buildActionMask = 2147483647;
			files = (
				BB1DBFCB2858308400E7D336 /* ViewController.swift in Sources */,
				BB5AB627285C2B710064BA0D /* Modal.swift in Sources */,
				BB679702286436C900AD1370 /* LoginScreenViewController.swift in Sources */,
				BB1DBFC72858308400E7D336 /* AppDelegate.swift in Sources */,
				BB5AB625285C22C40064BA0D /* NewsTableViewCell.swift in Sources */,
				BB1DBFC92858308400E7D336 /* SceneDelegate.swift in Sources */,
				BB67970428644C9A00AD1370 /* HomeScreenViewController.swift in Sources */,
			);
			runOnlyForDeploymentPostprocessing = 0;
		};
/* End PBXSourcesBuildPhase section */

/* Begin PBXVariantGroup section */
		BB1DBFCC2858308400E7D336 /* Main.storyboard */ = {
			isa = PBXVariantGroup;
			children = (
				BB1DBFCD2858308400E7D336 /* Base */,
			);
			name = Main.storyboard;
			sourceTree = "<group>";
		};
		BB1DBFD12858308600E7D336 /* LaunchScreen.storyboard */ = {
			isa = PBXVariantGroup;
			children = (
				BB1DBFD22858308600E7D336 /* Base */,
			);
			name = LaunchScreen.storyboard;
			sourceTree = "<group>";
		};
/* End PBXVariantGroup section */

/* Begin XCBuildConfiguration section */
		BB1DBFD52858308600E7D336 /* Debug */ = {
			isa = XCBuildConfiguration;
			buildSettings = {
				ALWAYS_SEARCH_USER_PATHS = NO;
				CLANG_ANALYZER_NONNULL = YES;
				CLANG_ANALYZER_NUMBER_OBJECT_CONVERSION = YES_AGGRESSIVE;
				CLANG_CXX_LANGUAGE_STANDARD = "gnu++17";
				CLANG_CXX_LIBRARY = "libc++";
				CLANG_ENABLE_MODULES = YES;
				CLANG_ENABLE_OBJC_ARC = YES;
				CLANG_ENABLE_OBJC_WEAK = YES;
				CLANG_WARN_BLOCK_CAPTURE_AUTORELEASING = YES;
				CLANG_WARN_BOOL_CONVERSION = YES;
				CLANG_WARN_COMMA = YES;
				CLANG_WARN_CONSTANT_CONVERSION = YES;
				CLANG_WARN_DEPRECATED_OBJC_IMPLEMENTATIONS = YES;
				CLANG_WARN_DIRECT_OBJC_ISA_USAGE = YES_ERROR;
				CLANG_WARN_DOCUMENTATION_COMMENTS = YES;
				CLANG_WARN_EMPTY_BODY = YES;
				CLANG_WARN_ENUM_CONVERSION = YES;
				CLANG_WARN_INFINITE_RECURSION = YES;
				CLANG_WARN_INT_CONVERSION = YES;
				CLANG_WARN_NON_LITERAL_NULL_CONVERSION = YES;
				CLANG_WARN_OBJC_IMPLICIT_RETAIN_SELF = YES;
				CLANG_WARN_OBJC_LITERAL_CONVERSION = YES;
				CLANG_WARN_OBJC_ROOT_CLASS = YES_ERROR;
				CLANG_WARN_QUOTED_INCLUDE_IN_FRAMEWORK_HEADER = YES;
				CLANG_WARN_RANGE_LOOP_ANALYSIS = YES;
				CLANG_WARN_STRICT_PROTOTYPES = YES;
				CLANG_WARN_SUSPICIOUS_MOVE = YES;
				CLANG_WARN_UNGUARDED_AVAILABILITY = YES_AGGRESSIVE;
				CLANG_WARN_UNREACHABLE_CODE = YES;
				CLANG_WARN__DUPLICATE_METHOD_MATCH = YES;
				COPY_PHASE_STRIP = NO;
				DEBUG_INFORMATION_FORMAT = dwarf;
				ENABLE_STRICT_OBJC_MSGSEND = YES;
				ENABLE_TESTABILITY = YES;
				GCC_C_LANGUAGE_STANDARD = gnu11;
				GCC_DYNAMIC_NO_PIC = NO;
				GCC_NO_COMMON_BLOCKS = YES;
				GCC_OPTIMIZATION_LEVEL = 0;
				GCC_PREPROCESSOR_DEFINITIONS = (
					"DEBUG=1",
					"$(inherited)",
				);
				GCC_WARN_64_TO_32_BIT_CONVERSION = YES;
				GCC_WARN_ABOUT_RETURN_TYPE = YES_ERROR;
				GCC_WARN_UNDECLARED_SELECTOR = YES;
				GCC_WARN_UNINITIALIZED_AUTOS = YES_AGGRESSIVE;
				GCC_WARN_UNUSED_FUNCTION = YES;
				GCC_WARN_UNUSED_VARIABLE = YES;
				IPHONEOS_DEPLOYMENT_TARGET = 15.2;
				MTL_ENABLE_DEBUG_INFO = INCLUDE_SOURCE;
				MTL_FAST_MATH = YES;
				ONLY_ACTIVE_ARCH = YES;
				SDKROOT = iphoneos;
				SWIFT_ACTIVE_COMPILATION_CONDITIONS = DEBUG;
				SWIFT_OPTIMIZATION_LEVEL = "-Onone";
			};
			name = Debug;
		};
		BB1DBFD62858308600E7D336 /* Release */ = {
			isa = XCBuildConfiguration;
			buildSettings = {
				ALWAYS_SEARCH_USER_PATHS = NO;
				CLANG_ANALYZER_NONNULL = YES;
				CLANG_ANALYZER_NUMBER_OBJECT_CONVERSION = YES_AGGRESSIVE;
				CLANG_CXX_LANGUAGE_STANDARD = "gnu++17";
				CLANG_CXX_LIBRARY = "libc++";
				CLANG_ENABLE_MODULES = YES;
				CLANG_ENABLE_OBJC_ARC = YES;
				CLANG_ENABLE_OBJC_WEAK = YES;
				CLANG_WARN_BLOCK_CAPTURE_AUTORELEASING = YES;
				CLANG_WARN_BOOL_CONVERSION = YES;
				CLANG_WARN_COMMA = YES;
				CLANG_WARN_CONSTANT_CONVERSION = YES;
				CLANG_WARN_DEPRECATED_OBJC_IMPLEMENTATIONS = YES;
				CLANG_WARN_DIRECT_OBJC_ISA_USAGE = YES_ERROR;
				CLANG_WARN_DOCUMENTATION_COMMENTS = YES;
				CLANG_WARN_EMPTY_BODY = YES;
				CLANG_WARN_ENUM_CONVERSION = YES;
				CLANG_WARN_INFINITE_RECURSION = YES;
				CLANG_WARN_INT_CONVERSION = YES;
				CLANG_WARN_NON_LITERAL_NULL_CONVERSION = YES;
				CLANG_WARN_OBJC_IMPLICIT_RETAIN_SELF = YES;
				CLANG_WARN_OBJC_LITERAL_CONVERSION = YES;
				CLANG_WARN_OBJC_ROOT_CLASS = YES_ERROR;
				CLANG_WARN_QUOTED_INCLUDE_IN_FRAMEWORK_HEADER = YES;
				CLANG_WARN_RANGE_LOOP_ANALYSIS = YES;
				CLANG_WARN_STRICT_PROTOTYPES = YES;
				CLANG_WARN_SUSPICIOUS_MOVE = YES;
				CLANG_WARN_UNGUARDED_AVAILABILITY = YES_AGGRESSIVE;
				CLANG_WARN_UNREACHABLE_CODE = YES;
				CLANG_WARN__DUPLICATE_METHOD_MATCH = YES;
				COPY_PHASE_STRIP = NO;
				DEBUG_INFORMATION_FORMAT = "dwarf-with-dsym";
				ENABLE_NS_ASSERTIONS = NO;
				ENABLE_STRICT_OBJC_MSGSEND = YES;
				GCC_C_LANGUAGE_STANDARD = gnu11;
				GCC_NO_COMMON_BLOCKS = YES;
				GCC_WARN_64_TO_32_BIT_CONVERSION = YES;
				GCC_WARN_ABOUT_RETURN_TYPE = YES_ERROR;
				GCC_WARN_UNDECLARED_SELECTOR = YES;
				GCC_WARN_UNINITIALIZED_AUTOS = YES_AGGRESSIVE;
				GCC_WARN_UNUSED_FUNCTION = YES;
				GCC_WARN_UNUSED_VARIABLE = YES;
				IPHONEOS_DEPLOYMENT_TARGET = 15.2;
				MTL_ENABLE_DEBUG_INFO = NO;
				MTL_FAST_MATH = YES;
				SDKROOT = iphoneos;
				SWIFT_COMPILATION_MODE = wholemodule;
				SWIFT_OPTIMIZATION_LEVEL = "-O";
				VALIDATE_PRODUCT = YES;
			};
			name = Release;
		};
		BB1DBFD82858308600E7D336 /* Debug */ = {
			isa = XCBuildConfiguration;
			buildSettings = {
				ASSETCATALOG_COMPILER_APPICON_NAME = AppIcon;
				ASSETCATALOG_COMPILER_GLOBAL_ACCENT_COLOR_NAME = AccentColor;
				CODE_SIGN_STYLE = Automatic;
				CURRENT_PROJECT_VERSION = 1;
				DEVELOPMENT_TEAM = 2RDMX5CUVP;
				GENERATE_INFOPLIST_FILE = YES;
				INFOPLIST_FILE = TryNewsApi/Info.plist;
				INFOPLIST_KEY_UIApplicationSupportsIndirectInputEvents = YES;
				INFOPLIST_KEY_UILaunchStoryboardName = LaunchScreen;
				INFOPLIST_KEY_UIMainStoryboardFile = Main;
				INFOPLIST_KEY_UISupportedInterfaceOrientations_iPad = "UIInterfaceOrientationPortrait UIInterfaceOrientationPortraitUpsideDown UIInterfaceOrientationLandscapeLeft UIInterfaceOrientationLandscapeRight";
				INFOPLIST_KEY_UISupportedInterfaceOrientations_iPhone = "UIInterfaceOrientationPortrait UIInterfaceOrientationLandscapeLeft UIInterfaceOrientationLandscapeRight";
				LD_RUNPATH_SEARCH_PATHS = (
					"$(inherited)",
					"@executable_path/Frameworks",
				);
				MARKETING_VERSION = 1.0;
				PRODUCT_BUNDLE_IDENTIFIER = com.abhay.TryNewsApi;
				PRODUCT_NAME = "$(TARGET_NAME)";
				SWIFT_EMIT_LOC_STRINGS = YES;
				SWIFT_VERSION = 5.0;
				TARGETED_DEVICE_FAMILY = "1,2";
			};
			name = Debug;
		};
		BB1DBFD92858308600E7D336 /* Release */ = {
			isa = XCBuildConfiguration;
			buildSettings = {
				ASSETCATALOG_COMPILER_APPICON_NAME = AppIcon;
				ASSETCATALOG_COMPILER_GLOBAL_ACCENT_COLOR_NAME = AccentColor;
				CODE_SIGN_STYLE = Automatic;
				CURRENT_PROJECT_VERSION = 1;
				DEVELOPMENT_TEAM = 2RDMX5CUVP;
				GENERATE_INFOPLIST_FILE = YES;
				INFOPLIST_FILE = TryNewsApi/Info.plist;
				INFOPLIST_KEY_UIApplicationSupportsIndirectInputEvents = YES;
				INFOPLIST_KEY_UILaunchStoryboardName = LaunchScreen;
				INFOPLIST_KEY_UIMainStoryboardFile = Main;
				INFOPLIST_KEY_UISupportedInterfaceOrientations_iPad = "UIInterfaceOrientationPortrait UIInterfaceOrientationPortraitUpsideDown UIInterfaceOrientationLandscapeLeft UIInterfaceOrientationLandscapeRight";
				INFOPLIST_KEY_UISupportedInterfaceOrientations_iPhone = "UIInterfaceOrientationPortrait UIInterfaceOrientationLandscapeLeft UIInterfaceOrientationLandscapeRight";
				LD_RUNPATH_SEARCH_PATHS = (
					"$(inherited)",
					"@executable_path/Frameworks",
				);
				MARKETING_VERSION = 1.0;
				PRODUCT_BUNDLE_IDENTIFIER = com.abhay.TryNewsApi;
				PRODUCT_NAME = "$(TARGET_NAME)";
				SWIFT_EMIT_LOC_STRINGS = YES;
				SWIFT_VERSION = 5.0;
				TARGETED_DEVICE_FAMILY = "1,2";
			};
			name = Release;
		};
/* End XCBuildConfiguration section */

/* Begin XCConfigurationList section */
		BB1DBFBE2858308400E7D336 /* Build configuration list for PBXProject "TryNewsApi" */ = {
			isa = XCConfigurationList;
			buildConfigurations = (
				BB1DBFD52858308600E7D336 /* Debug */,
				BB1DBFD62858308600E7D336 /* Release */,
			);
			defaultConfigurationIsVisible = 0;
			defaultConfigurationName = Release;
		};
		BB1DBFD72858308600E7D336 /* Build configuration list for PBXNativeTarget "TryNewsApi" */ = {
			isa = XCConfigurationList;
			buildConfigurations = (
				BB1DBFD82858308600E7D336 /* Debug */,
				BB1DBFD92858308600E7D336 /* Release */,
			);
			defaultConfigurationIsVisible = 0;
			defaultConfigurationName = Release;
		};
/* End XCConfigurationList section */
	};
	rootObject = BB1DBFBB2858308400E7D336 /* Project object */;
}
